
Microsoft Visual Studio Solution File, Format Version 12.00
# Visual Studio Version 17
VisualStudioVersion = 17.8.34309.116
MinimumVisualStudioVersion = 10.0.40219.1
Project("{FAE04EC0-301F-11D3-BF4B-00C04F79EFBC}") = "TuesdayListsInMonoGame", "TuesdayListsInMonoGame\TuesdayListsInMonoGame.csproj", "{E1BF8EDF-CA0A-4D31-A2B2-9C82F025425E}"
EndProject
Global
	GlobalSection(SolutionConfigurationPlatforms) = preSolution
		Debug|Any CPU = Debug|Any CPU
		Release|Any CPU = Release|Any CPU
	EndGlobalSection
	GlobalSection(ProjectConfigurationPlatforms) = postSolution
		{E1BF8EDF-CA0A-4D31-A2B2-9C82F025425E}.Debug|Any CPU.ActiveCfg = Debug|Any CPU
		{E1BF8EDF-CA0A-4D31-A2B2-9C82F025425E}.Debug|Any CPU.Build.0 = Debug|Any CPU
		{E1BF8EDF-CA0A-4D31-A2B2-9C82F025425E}.Release|Any CPU.ActiveCfg = Release|Any CPU
		{E1BF8EDF-CA0A-4D31-A2B2-9C82F025425E}.Release|Any CPU.Build.0 = Release|Any CPU
	EndGlobalSection
	GlobalSection(SolutionProperties) = preSolution
		HideSolutionNode = FALSE
	EndGlobalSection
	GlobalSection(ExtensibilityGlobals) = postSolution
		SolutionGuid = {E1CA5B3F-D5A7-4549-B318-2A693822F903}
	EndGlobalSection
EndGlobal
